// !$*UTF8*$!
{
	archiveVersion = 1;
	classes = {
	};
	objectVersion = 46;
	objects = {

/* Begin PBXBuildFile section */
		4EAA6D6B1D72C3D9002680AA /* AppDelegate.swift in Sources */ = {isa = PBXBuildFile; fileRef = 4EAA6D6A1D72C3D9002680AA /* AppDelegate.swift */; };
		4EAA6D6D1D72C3D9002680AA /* ViewController.swift in Sources */ = {isa = PBXBuildFile; fileRef = 4EAA6D6C1D72C3D9002680AA /* ViewController.swift */; };
		4EAA6D701D72C3D9002680AA /* Main.storyboard in Resources */ = {isa = PBXBuildFile; fileRef = 4EAA6D6E1D72C3D9002680AA /* Main.storyboard */; };
		4EAA6D731D72C3D9002680AA /* TestDemo.xcdatamodeld in Sources */ = {isa = PBXBuildFile; fileRef = 4EAA6D711D72C3D9002680AA /* TestDemo.xcdatamodeld */; };
		4EAA6D751D72C3D9002680AA /* Assets.xcassets in Resources */ = {isa = PBXBuildFile; fileRef = 4EAA6D741D72C3D9002680AA /* Assets.xcassets */; };
		4EAA6D781D72C3D9002680AA /* LaunchScreen.storyboard in Resources */ = {isa = PBXBuildFile; fileRef = 4EAA6D761D72C3D9002680AA /* LaunchScreen.storyboard */; };
/* End PBXBuildFile section */

/* Begin PBXFileReference section */
		4EAA6D671D72C3D9002680AA /* TestDemo.app */ = {isa = PBXFileReference; explicitFileType = wrapper.application; includeInIndex = 0; path = TestDemo.app; sourceTree = BUILT_PRODUCTS_DIR; };
		4EAA6D6A1D72C3D9002680AA /* AppDelegate.swift */ = {isa = PBXFileReference; lastKnownFileType = sourcecode.swift; path = AppDelegate.swift; sourceTree = "<group>"; };
		4EAA6D6C1D72C3D9002680AA /* ViewController.swift */ = {isa = PBXFileReference; lastKnownFileType = sourcecode.swift; path = ViewController.swift; sourceTree = "<group>"; };
		4EAA6D6F1D72C3D9002680AA /* Base */ = {isa = PBXFileReference; lastKnownFileType = file.storyboard; name = Base; path = Base.lproj/Main.storyboard; sourceTree = "<group>"; };
		4EAA6D721D72C3D9002680AA /* TestDemo.xcdatamodel */ = {isa = PBXFileReference; lastKnownFileType = wrapper.xcdatamodel; path = TestDemo.xcdatamodel; sourceTree = "<group>"; };
		4EAA6D741D72C3D9002680AA /* Assets.xcassets */ = {isa = PBXFileReference; lastKnownFileType = folder.assetcatalog; path = Assets.xcassets; sourceTree = "<group>"; };
		4EAA6D771D72C3D9002680AA /* Base */ = {isa = PBXFileReference; lastKnownFileType = file.storyboard; name = Base; path = Base.lproj/LaunchScreen.storyboard; sourceTree = "<group>"; };
		4EAA6D791D72C3D9002680AA /* Info.plist */ = {isa = PBXFileReference; lastKnownFileType = text.plist.xml; path = Info.plist; sourceTree = "<group>"; };
/* End PBXFileReference section */

/* Begin PBXFrameworksBuildPhase section */
		4EAA6D641D72C3D9002680AA /* Frameworks */ = {
			isa = PBXFrameworksBuildPhase;
			buildActionMask = 2147483647;
			files = (
			);
			runOnlyForDeploymentPostprocessing = 0;
		};
/* End PBXFrameworksBuildPhase section */

/* Begin PBXGroup section */
		4EAA6D5E1D72C3D9002680AA = {
			isa = PBXGroup;
			children = (
				4EAA6D691D72C3D9002680AA /* TestDemo */,
				4EAA6D681D72C3D9002680AA /* Products */,
			);
			sourceTree = "<group>";
		};
		4EAA6D681D72C3D9002680AA /* Products */ = {
			isa = PBXGroup;
			children = (
				4EAA6D671D72C3D9002680AA /* TestDemo.app */,
			);
			name = Products;
			sourceTree = "<group>";
		};
		4EAA6D691D72C3D9002680AA /* TestDemo */ = {
			isa = PBXGroup;
			children = (
				4EAA6D6A1D72C3D9002680AA /* AppDelegate.swift */,
				4EAA6D6C1D72C3D9002680AA /* ViewController.swift */,
				4EAA6D6E1D72C3D9002680AA /* Main.storyboard */,
				4EAA6D741D72C3D9002680AA /* Assets.xcassets */,
				4EAA6D761D72C3D9002680AA /* LaunchScreen.storyboard */,
				4EAA6D791D72C3D9002680AA /* Info.plist */,
				4EAA6D711D72C3D9002680AA /* TestDemo.xcdatamodeld */,
			);
			path = TestDemo;
			sourceTree = "<group>";
		};
/* End PBXGroup section */

/* Begin PBXNativeTarget section */
		4EAA6D661D72C3D9002680AA /* TestDemo */ = {
			isa = PBXNativeTarget;
			buildConfigurationList = 4EAA6D7C1D72C3D9002680AA /* Build configuration list for PBXNativeTarget "TestDemo" */;
			buildPhases = (
				4EAA6D631D72C3D9002680AA /* Sources */,
				4EAA6D641D72C3D9002680AA /* Frameworks */,
				4EAA6D651D72C3D9002680AA /* Resources */,
			);
			buildRules = (
			);
			dependencies = (
			);
			name = TestDemo;
			productName = TestDemo;
			productReference = 4EAA6D671D72C3D9002680AA /* TestDemo.app */;
			productType = "com.apple.product-type.application";
		};
/* End PBXNativeTarget section */

/* Begin PBXProject section */
		4EAA6D5F1D72C3D9002680AA /* Project object */ = {
			isa = PBXProject;
			attributes = {
				LastSwiftUpdateCheck = 0730;
				LastUpgradeCheck = 0730;
				ORGANIZATIONNAME = "Ananth Bhamidipati";
				TargetAttributes = {
					4EAA6D661D72C3D9002680AA = {
						CreatedOnToolsVersion = 7.3.1;
						DevelopmentTeam = E5S86HTGDA;
					};
				};
			};
			buildConfigurationList = 4EAA6D621D72C3D9002680AA /* Build configuration list for PBXProject "TestDemo" */;
			compatibilityVersion = "Xcode 3.2";
			developmentRegion = English;
			hasScannedForEncodings = 0;
			knownRegions = (
				en,
				Base,
			);
			mainGroup = 4EAA6D5E1D72C3D9002680AA;
			productRefGroup = 4EAA6D681D72C3D9002680AA /* Products */;
			projectDirPath = "";
			projectRoot = "";
			targets = (
				4EAA6D661D72C3D9002680AA /* TestDemo */,
			);
		};
/* End PBXProject section */

/* Begin PBXResourcesBuildPhase section */
		4EAA6D651D72C3D9002680AA /* Resources */ = {
			isa = PBXResourcesBuildPhase;
			buildActionMask = 2147483647;
			files = (
				4EAA6D781D72C3D9002680AA /* LaunchScreen.storyboard in Resources */,
				4EAA6D751D72C3D9002680AA /* Assets.xcassets in Resources */,
				4EAA6D701D72C3D9002680AA /* Main.storyboard in Resources */,
			);
			runOnlyForDeploymentPostprocessing = 0;
		};
/* End PBXResourcesBuildPhase section */

/* Begin PBXSourcesBuildPhase section */
		4EAA6D631D72C3D9002680AA /* Sources */ = {
			isa = PBXSourcesBuildPhase;
			buildActionMask = 2147483647;
			files = (
				4EAA6D731D72C3D9002680AA /* TestDemo.xcdatamodeld in Sources */,
				4EAA6D6D1D72C3D9002680AA /* ViewController.swift in Sources */,
				4EAA6D6B1D72C3D9002680AA /* AppDelegate.swift in Sources */,
			);
			runOnlyForDeploymentPostprocessing = 0;
		};
/* End PBXSourcesBuildPhase section */

/* Begin PBXVariantGroup section */
		4EAA6D6E1D72C3D9002680AA /* Main.storyboard */ = {
			isa = PBXVariantGroup;
			children = (
				4EAA6D6F1D72C3D9002680AA /* Base */,
			);
			name = Main.storyboard;
			sourceTree = "<group>";
		};
		4EAA6D761D72C3D9002680AA /* LaunchScreen.storyboard */ = {
			isa = PBXVariantGroup;
			children = (
				4EAA6D771D72C3D9002680AA /* Base */,
			);
			name = LaunchScreen.storyboard;
			sourceTree = "<group>";
		};
/* End PBXVariantGroup section */

/* Begin XCBuildConfiguration section */
		4EAA6D7A1D72C3D9002680AA /* Debug */ = {
			isa = XCBuildConfiguration;
			buildSettings = {
				ALWAYS_SEARCH_USER_PATHS = NO;
				CLANG_ANALYZER_NONNULL = YES;
				CLANG_CXX_LANGUAGE_STANDARD = "gnu++0x";
				CLANG_CXX_LIBRARY = "libc++";
				CLANG_ENABLE_MODULES = YES;
				CLANG_ENABLE_OBJC_ARC = YES;
				CLANG_WARN_BOOL_CONVERSION = YES;
				CLANG_WARN_CONSTANT_CONVERSION = YES;
				CLANG_WARN_DIRECT_OBJC_ISA_USAGE = YES_ERROR;
				CLANG_WARN_EMPTY_BODY = YES;
				CLANG_WARN_ENUM_CONVERSION = YES;
				CLANG_WARN_INT_CONVERSION = YES;
				CLANG_WARN_OBJC_ROOT_CLASS = YES_ERROR;
				CLANG_WARN_UNREACHABLE_CODE = YES;
				CLANG_WARN__DUPLICATE_METHOD_MATCH = YES;
				"CODE_SIGN_IDENTITY[sdk=iphoneos*]" = "iPhone Developer";
				COPY_PHASE_STRIP = NO;
				DEBUG_INFORMATION_FORMAT = dwarf;
				ENABLE_STRICT_OBJC_MSGSEND = YES;
				ENABLE_TESTABILITY = YES;
				GCC_C_LANGUAGE_STANDARD = gnu99;
				GCC_DYNAMIC_NO_PIC = NO;
				GCC_NO_COMMON_BLOCKS = YES;
				GCC_OPTIMIZATION_LEVEL = 0;
				GCC_PREPROCESSOR_DEFINITIONS = (
					"DEBUG=1",
					"$(inherited)",
				);
				GCC_WARN_64_TO_32_BIT_CONVERSION = YES;
				GCC_WARN_ABOUT_RETURN_TYPE = YES_ERROR;
				GCC_WARN_UNDECLARED_SELECTOR = YES;
				GCC_WARN_UNINITIALIZED_AUTOS = YES_AGGRESSIVE;
				GCC_WARN_UNUSED_FUNCTION = YES;
				GCC_WARN_UNUSED_VARIABLE = YES;
				IPHONEOS_DEPLOYMENT_TARGET = 9.3;
				MTL_ENABLE_DEBUG_INFO = YES;
				ONLY_ACTIVE_ARCH = YES;
				SDKROOT = iphoneos;
				SWIFT_OPTIMIZATION_LEVEL = "-Onone";
			};
			name = Debug;
		};
		4EAA6D7B1D72C3D9002680AA /* Release */ = {
			isa = XCBuildConfiguration;
			buildSettings = {
				ALWAYS_SEARCH_USER_PATHS = NO;
				CLANG_ANALYZER_NONNULL = YES;
				CLANG_CXX_LANGUAGE_STANDARD = "gnu++0x";
				CLANG_CXX_LIBRARY = "libc++";
				CLANG_ENABLE_MODULES = YES;
				CLANG_ENABLE_OBJC_ARC = YES;
				CLANG_WARN_BOOL_CONVERSION = YES;
				CLANG_WARN_CONSTANT_CONVERSION = YES;
				CLANG_WARN_DIRECT_OBJC_ISA_USAGE = YES_ERROR;
				CLANG_WARN_EMPTY_BODY = YES;
				CLANG_WARN_ENUM_CONVERSION = YES;
				CLANG_WARN_INT_CONVERSION = YES;
				CLANG_WARN_OBJC_ROOT_CLASS = YES_ERROR;
				CLANG_WARN_UNREACHABLE_CODE = YES;
				CLANG_WARN__DUPLICATE_METHOD_MATCH = YES;
				"CODE_SIGN_IDENTITY[sdk=iphoneos*]" = "iPhone Developer";
				COPY_PHASE_STRIP = NO;
				DEBUG_INFORMATION_FORMAT = "dwarf-with-dsym";
				ENABLE_NS_ASSERTIONS = NO;
				ENABLE_STRICT_OBJC_MSGSEND = YES;
				GCC_C_LANGUAGE_STANDARD = gnu99;
				GCC_NO_COMMON_BLOCKS = YES;
				GCC_WARN_64_TO_32_BIT_CONVERSION = YES;
				GCC_WARN_ABOUT_RETURN_TYPE = YES_ERROR;
				GCC_WARN_UNDECLARED_SELECTOR = YES;
				GCC_WARN_UNINITIALIZED_AUTOS = YES_AGGRESSIVE;
				GCC_WARN_UNUSED_FUNCTION = YES;
				GCC_WARN_UNUSED_VARIABLE = YES;
				IPHONEOS_DEPLOYMENT_TARGET = 9.3;
				MTL_ENABLE_DEBUG_INFO = NO;
				SDKROOT = iphoneos;
				VALIDATE_PRODUCT = YES;
			};
			name = Release;
		};
		4EAA6D7D1D72C3D9002680AA /* Debug */ = {
			isa = XCBuildConfiguration;
			buildSettings = {
				ASSETCATALOG_COMPILER_APPICON_NAME = AppIcon;
				INFOPLIST_FILE = TestDemo/Info.plist;
				LD_RUNPATH_SEARCH_PATHS = "$(inherited) @executable_path/Frameworks";
				PRODUCT_BUNDLE_IDENTIFIER = com.Ananth.TestDemo;
				PRODUCT_NAME = "$(TARGET_NAME)";
			};
			name = Debug;
		};
		4EAA6D7E1D72C3D9002680AA /* Release */ = {
			isa = XCBuildConfiguration;
			buildSettings = {
				ASSETCATALOG_COMPILER_APPICON_NAME = AppIcon;
				INFOPLIST_FILE = TestDemo/Info.plist;
				LD_RUNPATH_SEARCH_PATHS = "$(inherited) @executable_path/Frameworks";
				PRODUCT_BUNDLE_IDENTIFIER = com.Ananth.TestDemo;
				PRODUCT_NAME = "$(TARGET_NAME)";
			};
			name = Release;
		};
/* End XCBuildConfiguration section */

/* Begin XCConfigurationList section */
		4EAA6D621D72C3D9002680AA /* Build configuration list for PBXProject "TestDemo" */ = {
			isa = XCConfigurationList;
			buildConfigurations = (
				4EAA6D7A1D72C3D9002680AA /* Debug */,
				4EAA6D7B1D72C3D9002680AA /* Release */,
			);
			defaultConfigurationIsVisible = 0;
			defaultConfigurationName = Release;
		};
		4EAA6D7C1D72C3D9002680AA /* Build configuration list for PBXNativeTarget "TestDemo" */ = {
			isa = XCConfigurationList;
			buildConfigurations = (
				4EAA6D7D1D72C3D9002680AA /* Debug */,
				4EAA6D7E1D72C3D9002680AA /* Release */,
			);
			defaultConfigurationIsVisible = 0;
		};
/* End XCConfigurationList section */

/* Begin XCVersionGroup section */
		4EAA6D711D72C3D9002680AA /* TestDemo.xcdatamodeld */ = {
			isa = XCVersionGroup;
			children = (
				4EAA6D721D72C3D9002680AA /* TestDemo.xcdatamodel */,
			);
			currentVersion = 4EAA6D721D72C3D9002680AA /* TestDemo.xcdatamodel */;
			path = TestDemo.xcdatamodeld;
			sourceTree = "<group>";
			versionGroupType = wrapper.xcdatamodel;
		};
/* End XCVersionGroup section */
	};
	rootObject = 4EAA6D5F1D72C3D9002680AA /* Project object */;
}
